PODS:
  - Flutter (1.0.0)
  - Intercom (8.1.0)
  - "intercom_flutter (2.2.0+1)":
    - Flutter
    - Intercom (~> 8.1.0)

DEPENDENCIES:
  - Flutter (from `Flutter`)
  - intercom_flutter (from `.symlinks/plugins/intercom_flutter/ios`)

SPEC REPOS:
  trunk:
    - Intercom

EXTERNAL SOURCES:
  Flutter:
    :path: Flutter
  intercom_flutter:
    :path: ".symlinks/plugins/intercom_flutter/ios"

SPEC CHECKSUMS:
  Flutter: 0e3d915762c693b495b44d77113d4970485de6ec
  Intercom: a6e31800c84278b883205b9473f32e98e6774f85
  intercom_flutter: 8361cf8750f81207a8aab4296dbfa43ffe570778

PODFILE CHECKSUM: a2b0bf7fe93e4e6b732ab20a6fda201dc8a23f90

COCOAPODS: 1.9.1
